
Microsoft Visual Studio Solution File, Format Version 12.00
# Visual Studio Version 17
VisualStudioVersion = 17.0.32112.339
MinimumVisualStudioVersion = 10.0.40219.1
Project("{9A19103F-16F7-4668-BE54-9A1E7A4F7556}") = "IoTDeviceManagementConsole", "src\IoTDeviceManagementConsole\IoTDeviceManagementConsole.csproj", "{BC5A117F-B92D-4088-8E10-97EB78AC634C}"
EndProject
Project("{2150E333-8FDC-42A3-9474-1A3956D46DE8}") = "docker", "docker", "{6AEAAD6E-8F70-4C90-8796-D13DB5BC1C3C}"
	ProjectSection(SolutionItems) = preProject
		docker-compose.yml = docker-compose.yml
	EndProjectSection
EndProject
Project("{2150E333-8FDC-42A3-9474-1A3956D46DE8}") = "scripts", "scripts", "{8C2F88EA-EF65-44EB-84E9-F64D1AAA807B}"
	ProjectSection(SolutionItems) = preProject
		scripts\create_service_principal.ps1 = scripts\create_service_principal.ps1
	EndProjectSection
EndProject
Project("{2150E333-8FDC-42A3-9474-1A3956D46DE8}") = "k8s", "k8s", "{EDBC66DF-C451-477A-ABC2-0BD606A9A987}"
	ProjectSection(SolutionItems) = preProject
		k8s\iot-device-simulator.yaml = k8s\iot-device-simulator.yaml
	EndProjectSection
EndProject
Project("{2150E333-8FDC-42A3-9474-1A3956D46DE8}") = "IoTDeviceSimulator", "IoTDeviceSimulator", "{82BEE9F6-7CAE-4448-998E-D50F2E402EC4}"
	ProjectSection(SolutionItems) = preProject
		src\IoTDeviceSimulator\Dockerfile = src\IoTDeviceSimulator\Dockerfile
		src\IoTDeviceSimulator\start.sh = src\IoTDeviceSimulator\start.sh
	EndProjectSection
EndProject
Project("{2150E333-8FDC-42A3-9474-1A3956D46DE8}") = "nuget", "nuget", "{7BE483BE-4835-409F-81FF-E56565EEC7DC}"
	ProjectSection(SolutionItems) = preProject
		nuget.config = nuget.config
	EndProjectSection
EndProject
Project("{9A19103F-16F7-4668-BE54-9A1E7A4F7556}") = "DigitalTwins.Management.Domain", "src\DigitalTwins.Management.Domain\DigitalTwins.Management.Domain.csproj", "{309FFCCF-39C4-4BC2-92A1-F8129B87C413}"
EndProject
Project("{9A19103F-16F7-4668-BE54-9A1E7A4F7556}") = "DigitalTwins.Management.Infrastructure", "src\DigitalTwins.Management.Infrastructure\DigitalTwins.Management.Infrastructure.csproj", "{2FA455A8-78DE-4B5D-B8E9-0F82A01A72FC}"
EndProject
Project("{9A19103F-16F7-4668-BE54-9A1E7A4F7556}") = "DigitalTwins.Management.Application", "src\DigitalTwins.Management.Application\DigitalTwins.Management.Application.csproj", "{C9EBA5AD-7A8D-4A03-A1EB-70BF9CF01DA5}"
EndProject
Project("{9A19103F-16F7-4668-BE54-9A1E7A4F7556}") = "DigitalTwins.Management.Host.Api", "src\DigitalTwins.Management.Host.Api\DigitalTwins.Management.Host.Api.csproj", "{4DA1218E-4DCA-4A4B-A7CE-C3EDF274048A}"
EndProject
Global
	GlobalSection(SolutionConfigurationPlatforms) = preSolution
		Debug|Any CPU = Debug|Any CPU
		Release|Any CPU = Release|Any CPU
	EndGlobalSection
	GlobalSection(ProjectConfigurationPlatforms) = postSolution
		{BC5A117F-B92D-4088-8E10-97EB78AC634C}.Debug|Any CPU.ActiveCfg = Debug|Any CPU
		{BC5A117F-B92D-4088-8E10-97EB78AC634C}.Debug|Any CPU.Build.0 = Debug|Any CPU
		{BC5A117F-B92D-4088-8E10-97EB78AC634C}.Release|Any CPU.ActiveCfg = Release|Any CPU
		{BC5A117F-B92D-4088-8E10-97EB78AC634C}.Release|Any CPU.Build.0 = Release|Any CPU
		{309FFCCF-39C4-4BC2-92A1-F8129B87C413}.Debug|Any CPU.ActiveCfg = Debug|Any CPU
		{309FFCCF-39C4-4BC2-92A1-F8129B87C413}.Debug|Any CPU.Build.0 = Debug|Any CPU
		{309FFCCF-39C4-4BC2-92A1-F8129B87C413}.Release|Any CPU.ActiveCfg = Release|Any CPU
		{309FFCCF-39C4-4BC2-92A1-F8129B87C413}.Release|Any CPU.Build.0 = Release|Any CPU
		{2FA455A8-78DE-4B5D-B8E9-0F82A01A72FC}.Debug|Any CPU.ActiveCfg = Debug|Any CPU
		{2FA455A8-78DE-4B5D-B8E9-0F82A01A72FC}.Debug|Any CPU.Build.0 = Debug|Any CPU
		{2FA455A8-78DE-4B5D-B8E9-0F82A01A72FC}.Release|Any CPU.ActiveCfg = Release|Any CPU
		{2FA455A8-78DE-4B5D-B8E9-0F82A01A72FC}.Release|Any CPU.Build.0 = Release|Any CPU
		{C9EBA5AD-7A8D-4A03-A1EB-70BF9CF01DA5}.Debug|Any CPU.ActiveCfg = Debug|Any CPU
		{C9EBA5AD-7A8D-4A03-A1EB-70BF9CF01DA5}.Debug|Any CPU.Build.0 = Debug|Any CPU
		{C9EBA5AD-7A8D-4A03-A1EB-70BF9CF01DA5}.Release|Any CPU.ActiveCfg = Release|Any CPU
		{C9EBA5AD-7A8D-4A03-A1EB-70BF9CF01DA5}.Release|Any CPU.Build.0 = Release|Any CPU
		{4DA1218E-4DCA-4A4B-A7CE-C3EDF274048A}.Debug|Any CPU.ActiveCfg = Debug|Any CPU
		{4DA1218E-4DCA-4A4B-A7CE-C3EDF274048A}.Debug|Any CPU.Build.0 = Debug|Any CPU
		{4DA1218E-4DCA-4A4B-A7CE-C3EDF274048A}.Release|Any CPU.ActiveCfg = Release|Any CPU
		{4DA1218E-4DCA-4A4B-A7CE-C3EDF274048A}.Release|Any CPU.Build.0 = Release|Any CPU
	EndGlobalSection
	GlobalSection(SolutionProperties) = preSolution
		HideSolutionNode = FALSE
	EndGlobalSection
	GlobalSection(ExtensibilityGlobals) = postSolution
		SolutionGuid = {4AE553C5-F4C8-405C-807B-E1EC903172B7}
	EndGlobalSection
EndGlobal
